
Microsoft Visual Studio Solution File, Format Version 12.00
# Visual Studio Version 17
VisualStudioVersion = 17.14.36127.28
MinimumVisualStudioVersion = 10.0.40219.1
Project("{8BC9CEB8-8B4A-11D0-8D11-00A0C91BC942}") = "jvmtiinst", "jvmtiinst.vcxproj", "{9A5F9CBC-AB8D-4005-8726-026CF2E4927E}"
EndProject
Global
	GlobalSection(SolutionConfigurationPlatforms) = preSolution
		Debug|x64 = Debug|x64
		Debug|x86 = Debug|x86
		Release|x64 = Release|x64
		Release|x86 = Release|x86
	EndGlobalSection
	GlobalSection(ProjectConfigurationPlatforms) = postSolution
		{9A5F9CBC-AB8D-4005-8726-026CF2E4927E}.Debug|x64.ActiveCfg = Release|x64
		{9A5F9CBC-AB8D-4005-8726-026CF2E4927E}.Debug|x86.ActiveCfg = Release|Win32
		{9A5F9CBC-AB8D-4005-8726-026CF2E4927E}.Release|x64.ActiveCfg = Release|Win32
		{9A5F9CBC-AB8D-4005-8726-026CF2E4927E}.Release|x64.Build.0 = Release|Win32
		{9A5F9CBC-AB8D-4005-8726-026CF2E4927E}.Release|x86.ActiveCfg = Release|Win32
		{9A5F9CBC-AB8D-4005-8726-026CF2E4927E}.Release|x86.Build.0 = Release|Win32
	EndGlobalSection
	GlobalSection(SolutionProperties) = preSolution
		HideSolutionNode = FALSE
	EndGlobalSection
	GlobalSection(ExtensibilityGlobals) = postSolution
		SolutionGuid = {154260EE-0938-423E-89B5-189FABAABF02}
	EndGlobalSection
EndGlobal
